
Microsoft Visual Studio Solution File, Format Version 12.00
# Visual Studio 15
VisualStudioVersion = 15.0.28307.168
MinimumVisualStudioVersion = 10.0.40219.1
Project("{FAE04EC0-301F-11D3-BF4B-00C04F79EFBC}") = "EmployeesTable", "EmployeesTable\EmployeesTable.csproj", "{C310BFAA-95E0-464D-9CDF-A1F1ABD0EF44}"
EndProject
Project("{FAE04EC0-301F-11D3-BF4B-00C04F79EFBC}") = "TinyStore", "TinyStore\TinyStore.csproj", "{AC6E8202-40E4-4D00-B973-C7A6E987F4E6}"
EndProject
Global
	GlobalSection(SolutionConfigurationPlatforms) = preSolution
		Debug|Any CPU = Debug|Any CPU
		Release|Any CPU = Release|Any CPU
	EndGlobalSection
	GlobalSection(ProjectConfigurationPlatforms) = postSolution
		{C310BFAA-95E0-464D-9CDF-A1F1ABD0EF44}.Debug|Any CPU.ActiveCfg = Debug|Any CPU
		{C310BFAA-95E0-464D-9CDF-A1F1ABD0EF44}.Debug|Any CPU.Build.0 = Debug|Any CPU
		{C310BFAA-95E0-464D-9CDF-A1F1ABD0EF44}.Release|Any CPU.ActiveCfg = Release|Any CPU
		{C310BFAA-95E0-464D-9CDF-A1F1ABD0EF44}.Release|Any CPU.Build.0 = Release|Any CPU
		{AC6E8202-40E4-4D00-B973-C7A6E987F4E6}.Debug|Any CPU.ActiveCfg = Debug|Any CPU
		{AC6E8202-40E4-4D00-B973-C7A6E987F4E6}.Debug|Any CPU.Build.0 = Debug|Any CPU
		{AC6E8202-40E4-4D00-B973-C7A6E987F4E6}.Release|Any CPU.ActiveCfg = Release|Any CPU
		{AC6E8202-40E4-4D00-B973-C7A6E987F4E6}.Release|Any CPU.Build.0 = Release|Any CPU
	EndGlobalSection
	GlobalSection(SolutionProperties) = preSolution
		HideSolutionNode = FALSE
	EndGlobalSection
	GlobalSection(ExtensibilityGlobals) = postSolution
		SolutionGuid = {330E3F93-1605-484F-918E-DA656D7A4802}
	EndGlobalSection
EndGlobal
